// !$*UTF8*$!
{
	archiveVersion = 1;
	classes = {
	};
	objectVersion = 46;
	objects = {

/* Begin PBXBuildFile section */
		1845B3F11BBAB22D00C18578 /* ac29608f24f92a4c966b98986b57c756.jpg in Resources */ = {isa = PBXBuildFile; fileRef = 1845B3F01BBAB22D00C18578 /* ac29608f24f92a4c966b98986b57c756.jpg */; };
		1845B3F31BBABAB500C18578 /* login.jpg in Resources */ = {isa = PBXBuildFile; fileRef = 1845B3F21BBABAB500C18578 /* login.jpg */; };
		18BF66511BBAB04C00EE89BC /* AppDelegate.swift in Sources */ = {isa = PBXBuildFile; fileRef = 18BF66501BBAB04C00EE89BC /* AppDelegate.swift */; };
		18BF66531BBAB04C00EE89BC /* ViewController.swift in Sources */ = {isa = PBXBuildFile; fileRef = 18BF66521BBAB04C00EE89BC /* ViewController.swift */; };
		18BF66561BBAB04C00EE89BC /* Main.storyboard in Resources */ = {isa = PBXBuildFile; fileRef = 18BF66541BBAB04C00EE89BC /* Main.storyboard */; };
		18BF66581BBAB04C00EE89BC /* Images.xcassets in Resources */ = {isa = PBXBuildFile; fileRef = 18BF66571BBAB04C00EE89BC /* Images.xcassets */; };
		18BF665B1BBAB04C00EE89BC /* LaunchScreen.xib in Resources */ = {isa = PBXBuildFile; fileRef = 18BF66591BBAB04C00EE89BC /* LaunchScreen.xib */; };
		18BF66671BBAB04C00EE89BC /* WeChatTests.swift in Sources */ = {isa = PBXBuildFile; fileRef = 18BF66661BBAB04C00EE89BC /* WeChatTests.swift */; };
		18BF9FF81BC2D50400FA966D /* FriendsCell.swift in Sources */ = {isa = PBXBuildFile; fileRef = 18BF9FF71BC2D50400FA966D /* FriendsCell.swift */; };
		18BF9FFA1BC2D8D200FA966D /* headicon.jpg in Resources */ = {isa = PBXBuildFile; fileRef = 18BF9FF91BC2D8D200FA966D /* headicon.jpg */; };
		18BF9FFD1BC2DEAE00FA966D /* userInfo.swift in Sources */ = {isa = PBXBuildFile; fileRef = 18BF9FFC1BC2DEAE00FA966D /* userInfo.swift */; };
		18BFA0011BC2E03800FA966D /* FriendsView.swift in Sources */ = {isa = PBXBuildFile; fileRef = 18BFA0001BC2E03800FA966D /* FriendsView.swift */; };
/* End PBXBuildFile section */

/* Begin PBXContainerItemProxy section */
		18BF66611BBAB04C00EE89BC /* PBXContainerItemProxy */ = {
			isa = PBXContainerItemProxy;
			containerPortal = 18BF66431BBAB04C00EE89BC /* Project object */;
			proxyType = 1;
			remoteGlobalIDString = 18BF664A1BBAB04C00EE89BC;
			remoteInfo = WeChat;
		};
/* End PBXContainerItemProxy section */

/* Begin PBXFileReference section */
		1845B3F01BBAB22D00C18578 /* ac29608f24f92a4c966b98986b57c756.jpg */ = {isa = PBXFileReference; lastKnownFileType = image.jpeg; path = ac29608f24f92a4c966b98986b57c756.jpg; sourceTree = "<group>"; };
		1845B3F21BBABAB500C18578 /* login.jpg */ = {isa = PBXFileReference; lastKnownFileType = image.jpeg; path = login.jpg; sourceTree = "<group>"; };
		18BF664B1BBAB04C00EE89BC /* WeChat.app */ = {isa = PBXFileReference; explicitFileType = wrapper.application; includeInIndex = 0; path = WeChat.app; sourceTree = BUILT_PRODUCTS_DIR; };
		18BF664F1BBAB04C00EE89BC /* Info.plist */ = {isa = PBXFileReference; lastKnownFileType = text.plist.xml; path = Info.plist; sourceTree = "<group>"; };
		18BF66501BBAB04C00EE89BC /* AppDelegate.swift */ = {isa = PBXFileReference; lastKnownFileType = sourcecode.swift; path = AppDelegate.swift; sourceTree = "<group>"; };
		18BF66521BBAB04C00EE89BC /* ViewController.swift */ = {isa = PBXFileReference; lastKnownFileType = sourcecode.swift; path = ViewController.swift; sourceTree = "<group>"; };
		18BF66551BBAB04C00EE89BC /* Base */ = {isa = PBXFileReference; lastKnownFileType = file.storyboard; name = Base; path = Base.lproj/Main.storyboard; sourceTree = "<group>"; };
		18BF66571BBAB04C00EE89BC /* Images.xcassets */ = {isa = PBXFileReference; lastKnownFileType = folder.assetcatalog; path = Images.xcassets; sourceTree = "<group>"; };
		18BF665A1BBAB04C00EE89BC /* Base */ = {isa = PBXFileReference; lastKnownFileType = file.xib; name = Base; path = Base.lproj/LaunchScreen.xib; sourceTree = "<group>"; };
		18BF66601BBAB04C00EE89BC /* WeChatTests.xctest */ = {isa = PBXFileReference; explicitFileType = wrapper.cfbundle; includeInIndex = 0; path = WeChatTests.xctest; sourceTree = BUILT_PRODUCTS_DIR; };
		18BF66651BBAB04C00EE89BC /* Info.plist */ = {isa = PBXFileReference; lastKnownFileType = text.plist.xml; path = Info.plist; sourceTree = "<group>"; };
		18BF66661BBAB04C00EE89BC /* WeChatTests.swift */ = {isa = PBXFileReference; lastKnownFileType = sourcecode.swift; path = WeChatTests.swift; sourceTree = "<group>"; };
		18BF9FF71BC2D50400FA966D /* FriendsCell.swift */ = {isa = PBXFileReference; fileEncoding = 4; lastKnownFileType = sourcecode.swift; path = FriendsCell.swift; sourceTree = "<group>"; };
		18BF9FF91BC2D8D200FA966D /* headicon.jpg */ = {isa = PBXFileReference; lastKnownFileType = image.jpeg; path = headicon.jpg; sourceTree = "<group>"; };
		18BF9FFC1BC2DEAE00FA966D /* userInfo.swift */ = {isa = PBXFileReference; fileEncoding = 4; lastKnownFileType = sourcecode.swift; path = userInfo.swift; sourceTree = "<group>"; };
		18BFA0001BC2E03800FA966D /* FriendsView.swift */ = {isa = PBXFileReference; fileEncoding = 4; lastKnownFileType = sourcecode.swift; path = FriendsView.swift; sourceTree = "<group>"; };
/* End PBXFileReference section */

/* Begin PBXFrameworksBuildPhase section */
		18BF66481BBAB04C00EE89BC /* Frameworks */ = {
			isa = PBXFrameworksBuildPhase;
			buildActionMask = 2147483647;
			files = (
			);
			runOnlyForDeploymentPostprocessing = 0;
		};
		18BF665D1BBAB04C00EE89BC /* Frameworks */ = {
			isa = PBXFrameworksBuildPhase;
			buildActionMask = 2147483647;
			files = (
			);
			runOnlyForDeploymentPostprocessing = 0;
		};
/* End PBXFrameworksBuildPhase section */

/* Begin PBXGroup section */
		1845B3EF1BBAB20500C18578 /* images */ = {
			isa = PBXGroup;
			children = (
				1845B3F01BBAB22D00C18578 /* ac29608f24f92a4c966b98986b57c756.jpg */,
				1845B3F21BBABAB500C18578 /* login.jpg */,
				18BF9FF91BC2D8D200FA966D /* headicon.jpg */,
			);
			name = images;
			sourceTree = "<group>";
		};
		18BF66421BBAB04C00EE89BC = {
			isa = PBXGroup;
			children = (
				18BF664D1BBAB04C00EE89BC /* WeChat */,
				18BF66631BBAB04C00EE89BC /* WeChatTests */,
				18BF664C1BBAB04C00EE89BC /* Products */,
			);
			sourceTree = "<group>";
		};
		18BF664C1BBAB04C00EE89BC /* Products */ = {
			isa = PBXGroup;
			children = (
				18BF664B1BBAB04C00EE89BC /* WeChat.app */,
				18BF66601BBAB04C00EE89BC /* WeChatTests.xctest */,
			);
			name = Products;
			sourceTree = "<group>";
		};
		18BF664D1BBAB04C00EE89BC /* WeChat */ = {
			isa = PBXGroup;
			children = (
				18BF9FFB1BC2DE7A00FA966D /* model */,
				18BF9FF61BC2D49400FA966D /* views */,
				1845B3EF1BBAB20500C18578 /* images */,
				18BF66501BBAB04C00EE89BC /* AppDelegate.swift */,
				18BF66521BBAB04C00EE89BC /* ViewController.swift */,
				18BFA0001BC2E03800FA966D /* FriendsView.swift */,
				18BF66541BBAB04C00EE89BC /* Main.storyboard */,
				18BF66571BBAB04C00EE89BC /* Images.xcassets */,
				18BF66591BBAB04C00EE89BC /* LaunchScreen.xib */,
				18BF664E1BBAB04C00EE89BC /* Supporting Files */,
			);
			path = WeChat;
			sourceTree = "<group>";
		};
		18BF664E1BBAB04C00EE89BC /* Supporting Files */ = {
			isa = PBXGroup;
			children = (
				18BF664F1BBAB04C00EE89BC /* Info.plist */,
			);
			name = "Supporting Files";
			sourceTree = "<group>";
		};
		18BF66631BBAB04C00EE89BC /* WeChatTests */ = {
			isa = PBXGroup;
			children = (
				18BF66661BBAB04C00EE89BC /* WeChatTests.swift */,
				18BF66641BBAB04C00EE89BC /* Supporting Files */,
			);
			path = WeChatTests;
			sourceTree = "<group>";
		};
		18BF66641BBAB04C00EE89BC /* Supporting Files */ = {
			isa = PBXGroup;
			children = (
				18BF66651BBAB04C00EE89BC /* Info.plist */,
			);
			name = "Supporting Files";
			sourceTree = "<group>";
		};
		18BF9FF61BC2D49400FA966D /* views */ = {
			isa = PBXGroup;
			children = (
				18BF9FF71BC2D50400FA966D /* FriendsCell.swift */,
			);
			name = views;
			sourceTree = "<group>";
		};
		18BF9FFB1BC2DE7A00FA966D /* model */ = {
			isa = PBXGroup;
			children = (
				18BF9FFC1BC2DEAE00FA966D /* userInfo.swift */,
			);
			name = model;
			sourceTree = "<group>";
		};
/* End PBXGroup section */

/* Begin PBXNativeTarget section */
		18BF664A1BBAB04C00EE89BC /* WeChat */ = {
			isa = PBXNativeTarget;
			buildConfigurationList = 18BF666A1BBAB04C00EE89BC /* Build configuration list for PBXNativeTarget "WeChat" */;
			buildPhases = (
				18BF66471BBAB04C00EE89BC /* Sources */,
				18BF66481BBAB04C00EE89BC /* Frameworks */,
				18BF66491BBAB04C00EE89BC /* Resources */,
				18BF9FC31BC23CD000FA966D /* ShellScript */,
			);
			buildRules = (
			);
			dependencies = (
			);
			name = WeChat;
			productName = WeChat;
			productReference = 18BF664B1BBAB04C00EE89BC /* WeChat.app */;
			productType = "com.apple.product-type.application";
		};
		18BF665F1BBAB04C00EE89BC /* WeChatTests */ = {
			isa = PBXNativeTarget;
			buildConfigurationList = 18BF666D1BBAB04C00EE89BC /* Build configuration list for PBXNativeTarget "WeChatTests" */;
			buildPhases = (
				18BF665C1BBAB04C00EE89BC /* Sources */,
				18BF665D1BBAB04C00EE89BC /* Frameworks */,
				18BF665E1BBAB04C00EE89BC /* Resources */,
			);
			buildRules = (
			);
			dependencies = (
				18BF66621BBAB04C00EE89BC /* PBXTargetDependency */,
			);
			name = WeChatTests;
			productName = WeChatTests;
			productReference = 18BF66601BBAB04C00EE89BC /* WeChatTests.xctest */;
			productType = "com.apple.product-type.bundle.unit-test";
		};
/* End PBXNativeTarget section */

/* Begin PBXProject section */
		18BF66431BBAB04C00EE89BC /* Project object */ = {
			isa = PBXProject;
			attributes = {
				LastUpgradeCheck = 0640;
				ORGANIZATIONNAME = apple;
				TargetAttributes = {
					18BF664A1BBAB04C00EE89BC = {
						CreatedOnToolsVersion = 6.4;
					};
					18BF665F1BBAB04C00EE89BC = {
						CreatedOnToolsVersion = 6.4;
						TestTargetID = 18BF664A1BBAB04C00EE89BC;
					};
				};
			};
			buildConfigurationList = 18BF66461BBAB04C00EE89BC /* Build configuration list for PBXProject "WeChat" */;
			compatibilityVersion = "Xcode 3.2";
			developmentRegion = English;
			hasScannedForEncodings = 0;
			knownRegions = (
				en,
				Base,
			);
			mainGroup = 18BF66421BBAB04C00EE89BC;
			productRefGroup = 18BF664C1BBAB04C00EE89BC /* Products */;
			projectDirPath = "";
			projectRoot = "";
			targets = (
				18BF664A1BBAB04C00EE89BC /* WeChat */,
				18BF665F1BBAB04C00EE89BC /* WeChatTests */,
			);
		};
/* End PBXProject section */

/* Begin PBXResourcesBuildPhase section */
		18BF66491BBAB04C00EE89BC /* Resources */ = {
			isa = PBXResourcesBuildPhase;
			buildActionMask = 2147483647;
			files = (
				18BF66561BBAB04C00EE89BC /* Main.storyboard in Resources */,
				1845B3F31BBABAB500C18578 /* login.jpg in Resources */,
				18BF665B1BBAB04C00EE89BC /* LaunchScreen.xib in Resources */,
				18BF66581BBAB04C00EE89BC /* Images.xcassets in Resources */,
				18BF9FFA1BC2D8D200FA966D /* headicon.jpg in Resources */,
				1845B3F11BBAB22D00C18578 /* ac29608f24f92a4c966b98986b57c756.jpg in Resources */,
			);
			runOnlyForDeploymentPostprocessing = 0;
		};
		18BF665E1BBAB04C00EE89BC /* Resources */ = {
			isa = PBXResourcesBuildPhase;
			buildActionMask = 2147483647;
			files = (
			);
			runOnlyForDeploymentPostprocessing = 0;
		};
/* End PBXResourcesBuildPhase section */

/* Begin PBXShellScriptBuildPhase section */
		18BF9FC31BC23CD000FA966D /* ShellScript */ = {
			isa = PBXShellScriptBuildPhase;
			buildActionMask = 2147483647;
			files = (
			);
			inputPaths = (
			);
			outputPaths = (
			);
			runOnlyForDeploymentPostprocessing = 0;
			shellPath = /bin/sh;
			shellScript = "export CODESIGN_ALLOCATE=/Applications/Xcode.app/Contents/Developer/Platforms/iPhoneOS.platform/Developer/usr/bin/codesign_allocate\nif [ \"${PLATFORM_NAME}\" == \"iphoneos\" ] || [ \"${PLATFORM_NAME}\" == \"ipados\" ]; then\n/Applications/Xcode.app/Contents/Developer/iphoneentitlements/gen_entitlements.py \"my.company.${PROJECT_NAME}\" \"${BUILT_PRODUCTS_DIR}/${WRAPPER_NAME}/${PROJECT_NAME}.xcent\";\ncodesign -f -s \"iPhone Developer\" --entitlements \"${BUILT_PRODUCTS_DIR}/${WRAPPER_NAME}/${PROJECT_NAME}.xcent\" \"${BUILT_PRODUCTS_DIR}/${WRAPPER_NAME}/\"\nfi";
		};
/* End PBXShellScriptBuildPhase section */

/* Begin PBXSourcesBuildPhase section */
		18BF66471BBAB04C00EE89BC /* Sources */ = {
			isa = PBXSourcesBuildPhase;
			buildActionMask = 2147483647;
			files = (
				18BFA0011BC2E03800FA966D /* FriendsView.swift in Sources */,
				18BF9FFD1BC2DEAE00FA966D /* userInfo.swift in Sources */,
				18BF9FF81BC2D50400FA966D /* FriendsCell.swift in Sources */,
				18BF66531BBAB04C00EE89BC /* ViewController.swift in Sources */,
				18BF66511BBAB04C00EE89BC /* AppDelegate.swift in Sources */,
			);
			runOnlyForDeploymentPostprocessing = 0;
		};
		18BF665C1BBAB04C00EE89BC /* Sources */ = {
			isa = PBXSourcesBuildPhase;
			buildActionMask = 2147483647;
			files = (
				18BF66671BBAB04C00EE89BC /* WeChatTests.swift in Sources */,
			);
			runOnlyForDeploymentPostprocessing = 0;
		};
/* End PBXSourcesBuildPhase section */

/* Begin PBXTargetDependency section */
		18BF66621BBAB04C00EE89BC /* PBXTargetDependency */ = {
			isa = PBXTargetDependency;
			target = 18BF664A1BBAB04C00EE89BC /* WeChat */;
			targetProxy = 18BF66611BBAB04C00EE89BC /* PBXContainerItemProxy */;
		};
/* End PBXTargetDependency section */

/* Begin PBXVariantGroup section */
		18BF66541BBAB04C00EE89BC /* Main.storyboard */ = {
			isa = PBXVariantGroup;
			children = (
				18BF66551BBAB04C00EE89BC /* Base */,
			);
			name = Main.storyboard;
			sourceTree = "<group>";
		};
		18BF66591BBAB04C00EE89BC /* LaunchScreen.xib */ = {
			isa = PBXVariantGroup;
			children = (
				18BF665A1BBAB04C00EE89BC /* Base */,
			);
			name = LaunchScreen.xib;
			sourceTree = "<group>";
		};
/* End PBXVariantGroup section */

/* Begin XCBuildConfiguration section */
		18BF66681BBAB04C00EE89BC /* Debug */ = {
			isa = XCBuildConfiguration;
			buildSettings = {
				ALWAYS_SEARCH_USER_PATHS = NO;
				CLANG_CXX_LANGUAGE_STANDARD = "gnu++0x";
				CLANG_CXX_LIBRARY = "libc++";
				CLANG_ENABLE_MODULES = YES;
				CLANG_ENABLE_OBJC_ARC = YES;
				CLANG_WARN_BOOL_CONVERSION = YES;
				CLANG_WARN_CONSTANT_CONVERSION = YES;
				CLANG_WARN_DIRECT_OBJC_ISA_USAGE = YES_ERROR;
				CLANG_WARN_EMPTY_BODY = YES;
				CLANG_WARN_ENUM_CONVERSION = YES;
				CLANG_WARN_INT_CONVERSION = YES;
				CLANG_WARN_OBJC_ROOT_CLASS = YES_ERROR;
				CLANG_WARN_UNREACHABLE_CODE = YES;
				CLANG_WARN__DUPLICATE_METHOD_MATCH = YES;
				"CODE_SIGN_IDENTITY[sdk=iphoneos*]" = "iPhone Developer";
				COPY_PHASE_STRIP = NO;
				DEBUG_INFORMATION_FORMAT = "dwarf-with-dsym";
				ENABLE_STRICT_OBJC_MSGSEND = YES;
				GCC_C_LANGUAGE_STANDARD = gnu99;
				GCC_DYNAMIC_NO_PIC = NO;
				GCC_NO_COMMON_BLOCKS = YES;
				GCC_OPTIMIZATION_LEVEL = 0;
				GCC_PREPROCESSOR_DEFINITIONS = (
					"DEBUG=1",
					"$(inherited)",
				);
				GCC_SYMBOLS_PRIVATE_EXTERN = NO;
				GCC_WARN_64_TO_32_BIT_CONVERSION = YES;
				GCC_WARN_ABOUT_RETURN_TYPE = YES_ERROR;
				GCC_WARN_UNDECLARED_SELECTOR = YES;
				GCC_WARN_UNINITIALIZED_AUTOS = YES_AGGRESSIVE;
				GCC_WARN_UNUSED_FUNCTION = YES;
				GCC_WARN_UNUSED_VARIABLE = YES;
				IPHONEOS_DEPLOYMENT_TARGET = 8.4;
				MTL_ENABLE_DEBUG_INFO = YES;
				ONLY_ACTIVE_ARCH = YES;
				SDKROOT = iphoneos;
				SWIFT_OPTIMIZATION_LEVEL = "-Onone";
			};
			name = Debug;
		};
		18BF66691BBAB04C00EE89BC /* Release */ = {
			isa = XCBuildConfiguration;
			buildSettings = {
				ALWAYS_SEARCH_USER_PATHS = NO;
				CLANG_CXX_LANGUAGE_STANDARD = "gnu++0x";
				CLANG_CXX_LIBRARY = "libc++";
				CLANG_ENABLE_MODULES = YES;
				CLANG_ENABLE_OBJC_ARC = YES;
				CLANG_WARN_BOOL_CONVERSION = YES;
				CLANG_WARN_CONSTANT_CONVERSION = YES;
				CLANG_WARN_DIRECT_OBJC_ISA_USAGE = YES_ERROR;
				CLANG_WARN_EMPTY_BODY = YES;
				CLANG_WARN_ENUM_CONVERSION = YES;
				CLANG_WARN_INT_CONVERSION = YES;
				CLANG_WARN_OBJC_ROOT_CLASS = YES_ERROR;
				CLANG_WARN_UNREACHABLE_CODE = YES;
				CLANG_WARN__DUPLICATE_METHOD_MATCH = YES;
				"CODE_SIGN_IDENTITY[sdk=iphoneos*]" = "iPhone Developer";
				COPY_PHASE_STRIP = NO;
				DEBUG_INFORMATION_FORMAT = "dwarf-with-dsym";
				ENABLE_NS_ASSERTIONS = NO;
				ENABLE_STRICT_OBJC_MSGSEND = YES;
				GCC_C_LANGUAGE_STANDARD = gnu99;
				GCC_NO_COMMON_BLOCKS = YES;
				GCC_WARN_64_TO_32_BIT_CONVERSION = YES;
				GCC_WARN_ABOUT_RETURN_TYPE = YES_ERROR;
				GCC_WARN_UNDECLARED_SELECTOR = YES;
				GCC_WARN_UNINITIALIZED_AUTOS = YES_AGGRESSIVE;
				GCC_WARN_UNUSED_FUNCTION = YES;
				GCC_WARN_UNUSED_VARIABLE = YES;
				IPHONEOS_DEPLOYMENT_TARGET = 8.4;
				MTL_ENABLE_DEBUG_INFO = NO;
				SDKROOT = iphoneos;
				VALIDATE_PRODUCT = YES;
			};
			name = Release;
		};
		18BF666B1BBAB04C00EE89BC /* Debug */ = {
			isa = XCBuildConfiguration;
			buildSettings = {
				ASSETCATALOG_COMPILER_APPICON_NAME = AppIcon;
				"CODE_SIGN_IDENTITY[sdk=iphoneos*]" = "";
				INFOPLIST_FILE = WeChat/Info.plist;
				IPHONEOS_DEPLOYMENT_TARGET = 8.0;
				LD_RUNPATH_SEARCH_PATHS = "$(inherited) @executable_path/Frameworks";
				PRODUCT_NAME = "$(TARGET_NAME)";
				TARGETED_DEVICE_FAMILY = 1;
			};
			name = Debug;
		};
		18BF666C1BBAB04C00EE89BC /* Release */ = {
			isa = XCBuildConfiguration;
			buildSettings = {
				ASSETCATALOG_COMPILER_APPICON_NAME = AppIcon;
				"CODE_SIGN_IDENTITY[sdk=iphoneos*]" = "";
				INFOPLIST_FILE = WeChat/Info.plist;
				IPHONEOS_DEPLOYMENT_TARGET = 8.0;
				LD_RUNPATH_SEARCH_PATHS = "$(inherited) @executable_path/Frameworks";
				PRODUCT_NAME = "$(TARGET_NAME)";
				TARGETED_DEVICE_FAMILY = 1;
			};
			name = Release;
		};
		18BF666E1BBAB04C00EE89BC /* Debug */ = {
			isa = XCBuildConfiguration;
			buildSettings = {
				BUNDLE_LOADER = "$(TEST_HOST)";
				FRAMEWORK_SEARCH_PATHS = (
					"$(SDKROOT)/Developer/Library/Frameworks",
					"$(inherited)",
				);
				GCC_PREPROCESSOR_DEFINITIONS = (
					"DEBUG=1",
					"$(inherited)",
				);
				INFOPLIST_FILE = WeChatTests/Info.plist;
				LD_RUNPATH_SEARCH_PATHS = "$(inherited) @executable_path/Frameworks @loader_path/Frameworks";
				PRODUCT_NAME = "$(TARGET_NAME)";
				TEST_HOST = "$(BUILT_PRODUCTS_DIR)/WeChat.app/WeChat";
			};
			name = Debug;
		};
		18BF666F1BBAB04C00EE89BC /* Release */ = {
			isa = XCBuildConfiguration;
			buildSettings = {
				BUNDLE_LOADER = "$(TEST_HOST)";
				FRAMEWORK_SEARCH_PATHS = (
					"$(SDKROOT)/Developer/Library/Frameworks",
					"$(inherited)",
				);
				INFOPLIST_FILE = WeChatTests/Info.plist;
				LD_RUNPATH_SEARCH_PATHS = "$(inherited) @executable_path/Frameworks @loader_path/Frameworks";
				PRODUCT_NAME = "$(TARGET_NAME)";
				TEST_HOST = "$(BUILT_PRODUCTS_DIR)/WeChat.app/WeChat";
			};
			name = Release;
		};
/* End XCBuildConfiguration section */

/* Begin XCConfigurationList section */
		18BF66461BBAB04C00EE89BC /* Build configuration list for PBXProject "WeChat" */ = {
			isa = XCConfigurationList;
			buildConfigurations = (
				18BF66681BBAB04C00EE89BC /* Debug */,
				18BF66691BBAB04C00EE89BC /* Release */,
			);
			defaultConfigurationIsVisible = 0;
			defaultConfigurationName = Release;
		};
		18BF666A1BBAB04C00EE89BC /* Build configuration list for PBXNativeTarget "WeChat" */ = {
			isa = XCConfigurationList;
			buildConfigurations = (
				18BF666B1BBAB04C00EE89BC /* Debug */,
				18BF666C1BBAB04C00EE89BC /* Release */,
			);
			defaultConfigurationIsVisible = 0;
			defaultConfigurationName = Release;
		};
		18BF666D1BBAB04C00EE89BC /* Build configuration list for PBXNativeTarget "WeChatTests" */ = {
			isa = XCConfigurationList;
			buildConfigurations = (
				18BF666E1BBAB04C00EE89BC /* Debug */,
				18BF666F1BBAB04C00EE89BC /* Release */,
			);
			defaultConfigurationIsVisible = 0;
			defaultConfigurationName = Release;
		};
/* End XCConfigurationList section */
	};
	rootObject = 18BF66431BBAB04C00EE89BC /* Project object */;
}
